
Microsoft Visual Studio Solution File, Format Version 12.00
# Visual Studio Version 16
VisualStudioVersion = 16.0.30907.101
MinimumVisualStudioVersion = 10.0.40219.1
Project("{FAE04EC0-301F-11D3-BF4B-00C04F79EFBC}") = "Challenges01_console", "Gold_Challenge1_console\Challenges01_console.csproj", "{633E308E-8A8B-4217-8338-2A23B9B8B610}"
EndProject
Project("{FAE04EC0-301F-11D3-BF4B-00C04F79EFBC}") = "Repository_Challenges01", "CHALLENGES01_Classes\Repository_Challenges01.csproj", "{EDA258EA-225E-4CF0-91DC-A91E49D05981}"
EndProject
Project("{FAE04EC0-301F-11D3-BF4B-00C04F79EFBC}") = "UnitTestProject_Challenges01", "UnitTestProject_Challenges\UnitTestProject_Challenges01.csproj", "{0B915E5F-5FC8-46D1-814B-51FF452A25A8}"
EndProject
Global
	GlobalSection(SolutionConfigurationPlatforms) = preSolution
		Debug|Any CPU = Debug|Any CPU
		Release|Any CPU = Release|Any CPU
	EndGlobalSection
	GlobalSection(ProjectConfigurationPlatforms) = postSolution
		{633E308E-8A8B-4217-8338-2A23B9B8B610}.Debug|Any CPU.ActiveCfg = Debug|Any CPU
		{633E308E-8A8B-4217-8338-2A23B9B8B610}.Debug|Any CPU.Build.0 = Debug|Any CPU
		{633E308E-8A8B-4217-8338-2A23B9B8B610}.Release|Any CPU.ActiveCfg = Release|Any CPU
		{633E308E-8A8B-4217-8338-2A23B9B8B610}.Release|Any CPU.Build.0 = Release|Any CPU
		{EDA258EA-225E-4CF0-91DC-A91E49D05981}.Debug|Any CPU.ActiveCfg = Debug|Any CPU
		{EDA258EA-225E-4CF0-91DC-A91E49D05981}.Debug|Any CPU.Build.0 = Debug|Any CPU
		{EDA258EA-225E-4CF0-91DC-A91E49D05981}.Release|Any CPU.ActiveCfg = Release|Any CPU
		{EDA258EA-225E-4CF0-91DC-A91E49D05981}.Release|Any CPU.Build.0 = Release|Any CPU
		{0B915E5F-5FC8-46D1-814B-51FF452A25A8}.Debug|Any CPU.ActiveCfg = Debug|Any CPU
		{0B915E5F-5FC8-46D1-814B-51FF452A25A8}.Debug|Any CPU.Build.0 = Debug|Any CPU
		{0B915E5F-5FC8-46D1-814B-51FF452A25A8}.Release|Any CPU.ActiveCfg = Release|Any CPU
		{0B915E5F-5FC8-46D1-814B-51FF452A25A8}.Release|Any CPU.Build.0 = Release|Any CPU
	EndGlobalSection
	GlobalSection(SolutionProperties) = preSolution
		HideSolutionNode = FALSE
	EndGlobalSection
	GlobalSection(ExtensibilityGlobals) = postSolution
		SolutionGuid = {109E7B41-1C3F-4E17-937A-4EB0F6A4E1F0}
	EndGlobalSection
EndGlobal
